
Microsoft Visual Studio Solution File, Format Version 12.00
# Visual Studio Version 16
VisualStudioVersion = 16.0.29709.97
MinimumVisualStudioVersion = 10.0.40219.1
Project("{9A19103F-16F7-4668-BE54-9A1E7A4F7556}") = "AspNetCoreIdentityLab.Persistence", "AspNetCoreIdentityLab.Persistence\AspNetCoreIdentityLab.Persistence.csproj", "{EF2CDD52-186C-43B1-B670-68C7AC3E02AD}"
EndProject
Project("{FAE04EC0-301F-11D3-BF4B-00C04F79EFBC}") = "AspNetCoreIdentityLab.Application", "AspNetCoreIdentityLab.Application\AspNetCoreIdentityLab.Application.csproj", "{83FBC14B-02B7-4D58-8AE4-6C888F1618DA}"
EndProject
Global
	GlobalSection(SolutionConfigurationPlatforms) = preSolution
		Debug|Any CPU = Debug|Any CPU
		Release|Any CPU = Release|Any CPU
	EndGlobalSection
	GlobalSection(ProjectConfigurationPlatforms) = postSolution
		{EF2CDD52-186C-43B1-B670-68C7AC3E02AD}.Debug|Any CPU.ActiveCfg = Debug|Any CPU
		{EF2CDD52-186C-43B1-B670-68C7AC3E02AD}.Debug|Any CPU.Build.0 = Debug|Any CPU
		{EF2CDD52-186C-43B1-B670-68C7AC3E02AD}.Release|Any CPU.ActiveCfg = Release|Any CPU
		{EF2CDD52-186C-43B1-B670-68C7AC3E02AD}.Release|Any CPU.Build.0 = Release|Any CPU
		{83FBC14B-02B7-4D58-8AE4-6C888F1618DA}.Debug|Any CPU.ActiveCfg = Debug|Any CPU
		{83FBC14B-02B7-4D58-8AE4-6C888F1618DA}.Debug|Any CPU.Build.0 = Debug|Any CPU
		{83FBC14B-02B7-4D58-8AE4-6C888F1618DA}.Release|Any CPU.ActiveCfg = Release|Any CPU
		{83FBC14B-02B7-4D58-8AE4-6C888F1618DA}.Release|Any CPU.Build.0 = Release|Any CPU
	EndGlobalSection
	GlobalSection(SolutionProperties) = preSolution
		HideSolutionNode = FALSE
	EndGlobalSection
	GlobalSection(ExtensibilityGlobals) = postSolution
		SolutionGuid = {2363AFA4-8326-4471-A769-C8C8C4608257}
	EndGlobalSection
EndGlobal
